
Microsoft Visual Studio Solution File, Format Version 12.00
# Visual Studio 15
VisualStudioVersion = 15.0.28307.168
MinimumVisualStudioVersion = 10.0.40219.1
Project("{FAE04EC0-301F-11D3-BF4B-00C04F79EFBC}") = "CoffeHouse.Web", "CoffeHouse.Web\CoffeHouse.Web.csproj", "{410BE4B7-743F-4F2E-869F-B70CB8CF154B}"
EndProject
Global
	GlobalSection(SolutionConfigurationPlatforms) = preSolution
		Debug|Any CPU = Debug|Any CPU
		Release|Any CPU = Release|Any CPU
	EndGlobalSection
	GlobalSection(ProjectConfigurationPlatforms) = postSolution
		{410BE4B7-743F-4F2E-869F-B70CB8CF154B}.Debug|Any CPU.ActiveCfg = Debug|Any CPU
		{410BE4B7-743F-4F2E-869F-B70CB8CF154B}.Debug|Any CPU.Build.0 = Debug|Any CPU
		{410BE4B7-743F-4F2E-869F-B70CB8CF154B}.Release|Any CPU.ActiveCfg = Release|Any CPU
		{410BE4B7-743F-4F2E-869F-B70CB8CF154B}.Release|Any CPU.Build.0 = Release|Any CPU
	EndGlobalSection
	GlobalSection(SolutionProperties) = preSolution
		HideSolutionNode = FALSE
	EndGlobalSection
	GlobalSection(ExtensibilityGlobals) = postSolution
		SolutionGuid = {01B01A33-3725-4B50-B54A-5CC5D89B55FA}
	EndGlobalSection
EndGlobal
